// !$*UTF8*$!
{
	archiveVersion = 1;
	classes = {
	};
	objectVersion = 56;
	objects = {

/* Begin PBXBuildFile section */
		BF7F26592B69214B00661980 /* CloudTestAppApp.swift in Sources */ = {isa = PBXBuildFile; fileRef = BF7F26582B69214B00661980 /* CloudTestAppApp.swift */; };
		BF7F265B2B69214B00661980 /* ContentView.swift in Sources */ = {isa = PBXBuildFile; fileRef = BF7F265A2B69214B00661980 /* ContentView.swift */; };
		BF7F265D2B69214C00661980 /* Assets.xcassets in Resources */ = {isa = PBXBuildFile; fileRef = BF7F265C2B69214C00661980 /* Assets.xcassets */; };
		BF7F26602B69214C00661980 /* Preview Assets.xcassets in Resources */ = {isa = PBXBuildFile; fileRef = BF7F265F2B69214C00661980 /* Preview Assets.xcassets */; };
		BF7F266A2B69214C00661980 /* CloudTestAppTests.swift in Sources */ = {isa = PBXBuildFile; fileRef = BF7F26692B69214C00661980 /* CloudTestAppTests.swift */; };
		BF7F26742B69214C00661980 /* CloudTestAppUITests.swift in Sources */ = {isa = PBXBuildFile; fileRef = BF7F26732B69214C00661980 /* CloudTestAppUITests.swift */; };
		BF7F26762B69214C00661980 /* CloudTestAppUITestsLaunchTests.swift in Sources */ = {isa = PBXBuildFile; fileRef = BF7F26752B69214C00661980 /* CloudTestAppUITestsLaunchTests.swift */; };
/* End PBXBuildFile section */

/* Begin PBXContainerItemProxy section */
		BF7F26662B69214C00661980 /* PBXContainerItemProxy */ = {
			isa = PBXContainerItemProxy;
			containerPortal = BF7F264D2B69214B00661980 /* Project object */;
			proxyType = 1;
			remoteGlobalIDString = BF7F26542B69214B00661980;
			remoteInfo = CloudTestApp;
		};
		BF7F26702B69214C00661980 /* PBXContainerItemProxy */ = {
			isa = PBXContainerItemProxy;
			containerPortal = BF7F264D2B69214B00661980 /* Project object */;
			proxyType = 1;
			remoteGlobalIDString = BF7F26542B69214B00661980;
			remoteInfo = CloudTestApp;
		};
/* End PBXContainerItemProxy section */

/* Begin PBXFileReference section */
		BF7F26552B69214B00661980 /* CloudTestApp.app */ = {isa = PBXFileReference; explicitFileType = wrapper.application; includeInIndex = 0; path = CloudTestApp.app; sourceTree = BUILT_PRODUCTS_DIR; };
		BF7F26582B69214B00661980 /* CloudTestAppApp.swift */ = {isa = PBXFileReference; lastKnownFileType = sourcecode.swift; path = CloudTestAppApp.swift; sourceTree = "<group>"; };
		BF7F265A2B69214B00661980 /* ContentView.swift */ = {isa = PBXFileReference; lastKnownFileType = sourcecode.swift; path = ContentView.swift; sourceTree = "<group>"; };
		BF7F265C2B69214C00661980 /* Assets.xcassets */ = {isa = PBXFileReference; lastKnownFileType = folder.assetcatalog; path = Assets.xcassets; sourceTree = "<group>"; };
		BF7F265F2B69214C00661980 /* Preview Assets.xcassets */ = {isa = PBXFileReference; lastKnownFileType = folder.assetcatalog; path = "Preview Assets.xcassets"; sourceTree = "<group>"; };
		BF7F26652B69214C00661980 /* CloudTestAppTests.xctest */ = {isa = PBXFileReference; explicitFileType = wrapper.cfbundle; includeInIndex = 0; path = CloudTestAppTests.xctest; sourceTree = BUILT_PRODUCTS_DIR; };
		BF7F26692B69214C00661980 /* CloudTestAppTests.swift */ = {isa = PBXFileReference; lastKnownFileType = sourcecode.swift; path = CloudTestAppTests.swift; sourceTree = "<group>"; };
		BF7F266F2B69214C00661980 /* CloudTestAppUITests.xctest */ = {isa = PBXFileReference; explicitFileType = wrapper.cfbundle; includeInIndex = 0; path = CloudTestAppUITests.xctest; sourceTree = BUILT_PRODUCTS_DIR; };
		BF7F26732B69214C00661980 /* CloudTestAppUITests.swift */ = {isa = PBXFileReference; lastKnownFileType = sourcecode.swift; path = CloudTestAppUITests.swift; sourceTree = "<group>"; };
		BF7F26752B69214C00661980 /* CloudTestAppUITestsLaunchTests.swift */ = {isa = PBXFileReference; lastKnownFileType = sourcecode.swift; path = CloudTestAppUITestsLaunchTests.swift; sourceTree = "<group>"; };
/* End PBXFileReference section */

/* Begin PBXFrameworksBuildPhase section */
		BF7F26522B69214B00661980 /* Frameworks */ = {
			isa = PBXFrameworksBuildPhase;
			buildActionMask = 2147483647;
			files = (
			);
			runOnlyForDeploymentPostprocessing = 0;
		};
		BF7F26622B69214C00661980 /* Frameworks */ = {
			isa = PBXFrameworksBuildPhase;
			buildActionMask = 2147483647;
			files = (
			);
			runOnlyForDeploymentPostprocessing = 0;
		};
		BF7F266C2B69214C00661980 /* Frameworks */ = {
			isa = PBXFrameworksBuildPhase;
			buildActionMask = 2147483647;
			files = (
			);
			runOnlyForDeploymentPostprocessing = 0;
		};
/* End PBXFrameworksBuildPhase section */

/* Begin PBXGroup section */
		BF7F264C2B69214B00661980 = {
			isa = PBXGroup;
			children = (
				BF7F26572B69214B00661980 /* CloudTestApp */,
				BF7F26682B69214C00661980 /* CloudTestAppTests */,
				BF7F26722B69214C00661980 /* CloudTestAppUITests */,
				BF7F26562B69214B00661980 /* Products */,
			);
			sourceTree = "<group>";
		};
		BF7F26562B69214B00661980 /* Products */ = {
			isa = PBXGroup;
			children = (
				BF7F26552B69214B00661980 /* CloudTestApp.app */,
				BF7F26652B69214C00661980 /* CloudTestAppTests.xctest */,
				BF7F266F2B69214C00661980 /* CloudTestAppUITests.xctest */,
			);
			name = Products;
			sourceTree = "<group>";
		};
		BF7F26572B69214B00661980 /* CloudTestApp */ = {
			isa = PBXGroup;
			children = (
				BF7F26582B69214B00661980 /* CloudTestAppApp.swift */,
				BF7F265A2B69214B00661980 /* ContentView.swift */,
				BF7F265C2B69214C00661980 /* Assets.xcassets */,
				BF7F265E2B69214C00661980 /* Preview Content */,
			);
			path = CloudTestApp;
			sourceTree = "<group>";
		};
		BF7F265E2B69214C00661980 /* Preview Content */ = {
			isa = PBXGroup;
			children = (
				BF7F265F2B69214C00661980 /* Preview Assets.xcassets */,
			);
			path = "Preview Content";
			sourceTree = "<group>";
		};
		BF7F26682B69214C00661980 /* CloudTestAppTests */ = {
			isa = PBXGroup;
			children = (
				BF7F26692B69214C00661980 /* CloudTestAppTests.swift */,
			);
			path = CloudTestAppTests;
			sourceTree = "<group>";
		};
		BF7F26722B69214C00661980 /* CloudTestAppUITests */ = {
			isa = PBXGroup;
			children = (
				BF7F26732B69214C00661980 /* CloudTestAppUITests.swift */,
				BF7F26752B69214C00661980 /* CloudTestAppUITestsLaunchTests.swift */,
			);
			path = CloudTestAppUITests;
			sourceTree = "<group>";
		};
/* End PBXGroup section */

/* Begin PBXNativeTarget section */
		BF7F26542B69214B00661980 /* CloudTestApp */ = {
			isa = PBXNativeTarget;
			buildConfigurationList = BF7F26792B69214C00661980 /* Build configuration list for PBXNativeTarget "CloudTestApp" */;
			buildPhases = (
				BF7F26512B69214B00661980 /* Sources */,
				BF7F26522B69214B00661980 /* Frameworks */,
				BF7F26532B69214B00661980 /* Resources */,
			);
			buildRules = (
			);
			dependencies = (
			);
			name = CloudTestApp;
			productName = CloudTestApp;
			productReference = BF7F26552B69214B00661980 /* CloudTestApp.app */;
			productType = "com.apple.product-type.application";
		};
		BF7F26642B69214C00661980 /* CloudTestAppTests */ = {
			isa = PBXNativeTarget;
			buildConfigurationList = BF7F267C2B69214C00661980 /* Build configuration list for PBXNativeTarget "CloudTestAppTests" */;
			buildPhases = (
				BF7F26612B69214C00661980 /* Sources */,
				BF7F26622B69214C00661980 /* Frameworks */,
				BF7F26632B69214C00661980 /* Resources */,
			);
			buildRules = (
			);
			dependencies = (
				BF7F26672B69214C00661980 /* PBXTargetDependency */,
			);
			name = CloudTestAppTests;
			productName = CloudTestAppTests;
			productReference = BF7F26652B69214C00661980 /* CloudTestAppTests.xctest */;
			productType = "com.apple.product-type.bundle.unit-test";
		};
		BF7F266E2B69214C00661980 /* CloudTestAppUITests */ = {
			isa = PBXNativeTarget;
			buildConfigurationList = BF7F267F2B69214C00661980 /* Build configuration list for PBXNativeTarget "CloudTestAppUITests" */;
			buildPhases = (
				BF7F266B2B69214C00661980 /* Sources */,
				BF7F266C2B69214C00661980 /* Frameworks */,
				BF7F266D2B69214C00661980 /* Resources */,
			);
			buildRules = (
			);
			dependencies = (
				BF7F26712B69214C00661980 /* PBXTargetDependency */,
			);
			name = CloudTestAppUITests;
			productName = CloudTestAppUITests;
			productReference = BF7F266F2B69214C00661980 /* CloudTestAppUITests.xctest */;
			productType = "com.apple.product-type.bundle.ui-testing";
		};
/* End PBXNativeTarget section */

/* Begin PBXProject section */
		BF7F264D2B69214B00661980 /* Project object */ = {
			isa = PBXProject;
			attributes = {
				BuildIndependentTargetsInParallel = 1;
				LastSwiftUpdateCheck = 1500;
				LastUpgradeCheck = 1500;
				TargetAttributes = {
					BF7F26542B69214B00661980 = {
						CreatedOnToolsVersion = 15.0.1;
					};
					BF7F26642B69214C00661980 = {
						CreatedOnToolsVersion = 15.0.1;
						TestTargetID = BF7F26542B69214B00661980;
					};
					BF7F266E2B69214C00661980 = {
						CreatedOnToolsVersion = 15.0.1;
						TestTargetID = BF7F26542B69214B00661980;
					};
				};
			};
			buildConfigurationList = BF7F26502B69214B00661980 /* Build configuration list for PBXProject "CloudTestApp" */;
			compatibilityVersion = "Xcode 14.0";
			developmentRegion = en;
			hasScannedForEncodings = 0;
			knownRegions = (
				en,
				Base,
			);
			mainGroup = BF7F264C2B69214B00661980;
			productRefGroup = BF7F26562B69214B00661980 /* Products */;
			projectDirPath = "";
			projectRoot = "";
			targets = (
				BF7F26542B69214B00661980 /* CloudTestApp */,
				BF7F26642B69214C00661980 /* CloudTestAppTests */,
				BF7F266E2B69214C00661980 /* CloudTestAppUITests */,
			);
		};
/* End PBXProject section */

/* Begin PBXResourcesBuildPhase section */
		BF7F26532B69214B00661980 /* Resources */ = {
			isa = PBXResourcesBuildPhase;
			buildActionMask = 2147483647;
			files = (
				BF7F26602B69214C00661980 /* Preview Assets.xcassets in Resources */,
				BF7F265D2B69214C00661980 /* Assets.xcassets in Resources */,
			);
			runOnlyForDeploymentPostprocessing = 0;
		};
		BF7F26632B69214C00661980 /* Resources */ = {
			isa = PBXResourcesBuildPhase;
			buildActionMask = 2147483647;
			files = (
			);
			runOnlyForDeploymentPostprocessing = 0;
		};
		BF7F266D2B69214C00661980 /* Resources */ = {
			isa = PBXResourcesBuildPhase;
			buildActionMask = 2147483647;
			files = (
			);
			runOnlyForDeploymentPostprocessing = 0;
		};
/* End PBXResourcesBuildPhase section */

/* Begin PBXSourcesBuildPhase section */
		BF7F26512B69214B00661980 /* Sources */ = {
			isa = PBXSourcesBuildPhase;
			buildActionMask = 2147483647;
			files = (
				BF7F265B2B69214B00661980 /* ContentView.swift in Sources */,
				BF7F26592B69214B00661980 /* CloudTestAppApp.swift in Sources */,
			);
			runOnlyForDeploymentPostprocessing = 0;
		};
		BF7F26612B69214C00661980 /* Sources */ = {
			isa = PBXSourcesBuildPhase;
			buildActionMask = 2147483647;
			files = (
				BF7F266A2B69214C00661980 /* CloudTestAppTests.swift in Sources */,
			);
			runOnlyForDeploymentPostprocessing = 0;
		};
		BF7F266B2B69214C00661980 /* Sources */ = {
			isa = PBXSourcesBuildPhase;
			buildActionMask = 2147483647;
			files = (
				BF7F26762B69214C00661980 /* CloudTestAppUITestsLaunchTests.swift in Sources */,
				BF7F26742B69214C00661980 /* CloudTestAppUITests.swift in Sources */,
			);
			runOnlyForDeploymentPostprocessing = 0;
		};
/* End PBXSourcesBuildPhase section */

/* Begin PBXTargetDependency section */
		BF7F26672B69214C00661980 /* PBXTargetDependency */ = {
			isa = PBXTargetDependency;
			target = BF7F26542B69214B00661980 /* CloudTestApp */;
			targetProxy = BF7F26662B69214C00661980 /* PBXContainerItemProxy */;
		};
		BF7F26712B69214C00661980 /* PBXTargetDependency */ = {
			isa = PBXTargetDependency;
			target = BF7F26542B69214B00661980 /* CloudTestApp */;
			targetProxy = BF7F26702B69214C00661980 /* PBXContainerItemProxy */;
		};
/* End PBXTargetDependency section */

/* Begin XCBuildConfiguration section */
		BF7F26772B69214C00661980 /* Debug */ = {
			isa = XCBuildConfiguration;
			buildSettings = {
				ALWAYS_SEARCH_USER_PATHS = NO;
				ASSETCATALOG_COMPILER_GENERATE_SWIFT_ASSET_SYMBOL_EXTENSIONS = YES;
				CLANG_ANALYZER_NONNULL = YES;
				CLANG_ANALYZER_NUMBER_OBJECT_CONVERSION = YES_AGGRESSIVE;
				CLANG_CXX_LANGUAGE_STANDARD = "gnu++20";
				CLANG_ENABLE_MODULES = YES;
				CLANG_ENABLE_OBJC_ARC = YES;
				CLANG_ENABLE_OBJC_WEAK = YES;
				CLANG_WARN_BLOCK_CAPTURE_AUTORELEASING = YES;
				CLANG_WARN_BOOL_CONVERSION = YES;
				CLANG_WARN_COMMA = YES;
				CLANG_WARN_CONSTANT_CONVERSION = YES;
				CLANG_WARN_DEPRECATED_OBJC_IMPLEMENTATIONS = YES;
				CLANG_WARN_DIRECT_OBJC_ISA_USAGE = YES_ERROR;
				CLANG_WARN_DOCUMENTATION_COMMENTS = YES;
				CLANG_WARN_EMPTY_BODY = YES;
				CLANG_WARN_ENUM_CONVERSION = YES;
				CLANG_WARN_INFINITE_RECURSION = YES;
				CLANG_WARN_INT_CONVERSION = YES;
				CLANG_WARN_NON_LITERAL_NULL_CONVERSION = YES;
				CLANG_WARN_OBJC_IMPLICIT_RETAIN_SELF = YES;
				CLANG_WARN_OBJC_LITERAL_CONVERSION = YES;
				CLANG_WARN_OBJC_ROOT_CLASS = YES_ERROR;
				CLANG_WARN_QUOTED_INCLUDE_IN_FRAMEWORK_HEADER = YES;
				CLANG_WARN_RANGE_LOOP_ANALYSIS = YES;
				CLANG_WARN_STRICT_PROTOTYPES = YES;
				CLANG_WARN_SUSPICIOUS_MOVE = YES;
				CLANG_WARN_UNGUARDED_AVAILABILITY = YES_AGGRESSIVE;
				CLANG_WARN_UNREACHABLE_CODE = YES;
				CLANG_WARN__DUPLICATE_METHOD_MATCH = YES;
				COPY_PHASE_STRIP = NO;
				DEBUG_INFORMATION_FORMAT = dwarf;
				ENABLE_STRICT_OBJC_MSGSEND = YES;
				ENABLE_TESTABILITY = YES;
				ENABLE_USER_SCRIPT_SANDBOXING = YES;
				GCC_C_LANGUAGE_STANDARD = gnu17;
				GCC_DYNAMIC_NO_PIC = NO;
				GCC_NO_COMMON_BLOCKS = YES;
				GCC_OPTIMIZATION_LEVEL = 0;
				GCC_PREPROCESSOR_DEFINITIONS = (
					"DEBUG=1",
					"$(inherited)",
				);
				GCC_WARN_64_TO_32_BIT_CONVERSION = YES;
				GCC_WARN_ABOUT_RETURN_TYPE = YES_ERROR;
				GCC_WARN_UNDECLARED_SELECTOR = YES;
				GCC_WARN_UNINITIALIZED_AUTOS = YES_AGGRESSIVE;
				GCC_WARN_UNUSED_FUNCTION = YES;
				GCC_WARN_UNUSED_VARIABLE = YES;
				IPHONEOS_DEPLOYMENT_TARGET = 17.0;
				LOCALIZATION_PREFERS_STRING_CATALOGS = YES;
				MTL_ENABLE_DEBUG_INFO = INCLUDE_SOURCE;
				MTL_FAST_MATH = YES;
				ONLY_ACTIVE_ARCH = YES;
				SDKROOT = iphoneos;
				SWIFT_ACTIVE_COMPILATION_CONDITIONS = "DEBUG $(inherited)";
				SWIFT_OPTIMIZATION_LEVEL = "-Onone";
			};
			name = Debug;
		};
		BF7F26782B69214C00661980 /* Release */ = {
			isa = XCBuildConfiguration;
			buildSettings = {
				ALWAYS_SEARCH_USER_PATHS = NO;
				ASSETCATALOG_COMPILER_GENERATE_SWIFT_ASSET_SYMBOL_EXTENSIONS = YES;
				CLANG_ANALYZER_NONNULL = YES;
				CLANG_ANALYZER_NUMBER_OBJECT_CONVERSION = YES_AGGRESSIVE;
				CLANG_CXX_LANGUAGE_STANDARD = "gnu++20";
				CLANG_ENABLE_MODULES = YES;
				CLANG_ENABLE_OBJC_ARC = YES;
				CLANG_ENABLE_OBJC_WEAK = YES;
				CLANG_WARN_BLOCK_CAPTURE_AUTORELEASING = YES;
				CLANG_WARN_BOOL_CONVERSION = YES;
				CLANG_WARN_COMMA = YES;
				CLANG_WARN_CONSTANT_CONVERSION = YES;
				CLANG_WARN_DEPRECATED_OBJC_IMPLEMENTATIONS = YES;
				CLANG_WARN_DIRECT_OBJC_ISA_USAGE = YES_ERROR;
				CLANG_WARN_DOCUMENTATION_COMMENTS = YES;
				CLANG_WARN_EMPTY_BODY = YES;
				CLANG_WARN_ENUM_CONVERSION = YES;
				CLANG_WARN_INFINITE_RECURSION = YES;
				CLANG_WARN_INT_CONVERSION = YES;
				CLANG_WARN_NON_LITERAL_NULL_CONVERSION = YES;
				CLANG_WARN_OBJC_IMPLICIT_RETAIN_SELF = YES;
				CLANG_WARN_OBJC_LITERAL_CONVERSION = YES;
				CLANG_WARN_OBJC_ROOT_CLASS = YES_ERROR;
				CLANG_WARN_QUOTED_INCLUDE_IN_FRAMEWORK_HEADER = YES;
				CLANG_WARN_RANGE_LOOP_ANALYSIS = YES;
				CLANG_WARN_STRICT_PROTOTYPES = YES;
				CLANG_WARN_SUSPICIOUS_MOVE = YES;
				CLANG_WARN_UNGUARDED_AVAILABILITY = YES_AGGRESSIVE;
				CLANG_WARN_UNREACHABLE_CODE = YES;
				CLANG_WARN__DUPLICATE_METHOD_MATCH = YES;
				COPY_PHASE_STRIP = NO;
				DEBUG_INFORMATION_FORMAT = "dwarf-with-dsym";
				ENABLE_NS_ASSERTIONS = NO;
				ENABLE_STRICT_OBJC_MSGSEND = YES;
				ENABLE_USER_SCRIPT_SANDBOXING = YES;
				GCC_C_LANGUAGE_STANDARD = gnu17;
				GCC_NO_COMMON_BLOCKS = YES;
				GCC_WARN_64_TO_32_BIT_CONVERSION = YES;
				GCC_WARN_ABOUT_RETURN_TYPE = YES_ERROR;
				GCC_WARN_UNDECLARED_SELECTOR = YES;
				GCC_WARN_UNINITIALIZED_AUTOS = YES_AGGRESSIVE;
				GCC_WARN_UNUSED_FUNCTION = YES;
				GCC_WARN_UNUSED_VARIABLE = YES;
				IPHONEOS_DEPLOYMENT_TARGET = 17.0;
				LOCALIZATION_PREFERS_STRING_CATALOGS = YES;
				MTL_ENABLE_DEBUG_INFO = NO;
				MTL_FAST_MATH = YES;
				SDKROOT = iphoneos;
				SWIFT_COMPILATION_MODE = wholemodule;
				VALIDATE_PRODUCT = YES;
			};
			name = Release;
		};
		BF7F267A2B69214C00661980 /* Debug */ = {
			isa = XCBuildConfiguration;
			buildSettings = {
				ASSETCATALOG_COMPILER_APPICON_NAME = AppIcon;
				ASSETCATALOG_COMPILER_GLOBAL_ACCENT_COLOR_NAME = AccentColor;
				CODE_SIGN_STYLE = Automatic;
				CURRENT_PROJECT_VERSION = 1;
				DEVELOPMENT_ASSET_PATHS = "\"CloudTestApp/Preview Content\"";
				DEVELOPMENT_TEAM = 85GAG994R5;
				ENABLE_PREVIEWS = YES;
				GENERATE_INFOPLIST_FILE = YES;
				INFOPLIST_KEY_UIApplicationSceneManifest_Generation = YES;
				INFOPLIST_KEY_UIApplicationSupportsIndirectInputEvents = YES;
				INFOPLIST_KEY_UILaunchScreen_Generation = YES;
				INFOPLIST_KEY_UISupportedInterfaceOrientations_iPad = "UIInterfaceOrientationPortrait UIInterfaceOrientationPortraitUpsideDown UIInterfaceOrientationLandscapeLeft UIInterfaceOrientationLandscapeRight";
				INFOPLIST_KEY_UISupportedInterfaceOrientations_iPhone = "UIInterfaceOrientationPortrait UIInterfaceOrientationLandscapeLeft UIInterfaceOrientationLandscapeRight";
				LD_RUNPATH_SEARCH_PATHS = (
					"$(inherited)",
					"@executable_path/Frameworks",
				);
				MARKETING_VERSION = 1.0;
				PRODUCT_BUNDLE_IDENTIFIER = pl.gov.cyfra.CloudTestApp;
				PRODUCT_NAME = "$(TARGET_NAME)";
				SWIFT_EMIT_LOC_STRINGS = YES;
				SWIFT_VERSION = 5.0;
				TARGETED_DEVICE_FAMILY = "1,2";
			};
			name = Debug;
		};
		BF7F267B2B69214C00661980 /* Release */ = {
			isa = XCBuildConfiguration;
			buildSettings = {
				ASSETCATALOG_COMPILER_APPICON_NAME = AppIcon;
				ASSETCATALOG_COMPILER_GLOBAL_ACCENT_COLOR_NAME = AccentColor;
				CODE_SIGN_STYLE = Automatic;
				CURRENT_PROJECT_VERSION = 1;
				DEVELOPMENT_ASSET_PATHS = "\"CloudTestApp/Preview Content\"";
				DEVELOPMENT_TEAM = 85GAG994R5;
				ENABLE_PREVIEWS = YES;
				GENERATE_INFOPLIST_FILE = YES;
				INFOPLIST_KEY_UIApplicationSceneManifest_Generation = YES;
				INFOPLIST_KEY_UIApplicationSupportsIndirectInputEvents = YES;
				INFOPLIST_KEY_UILaunchScreen_Generation = YES;
				INFOPLIST_KEY_UISupportedInterfaceOrientations_iPad = "UIInterfaceOrientationPortrait UIInterfaceOrientationPortraitUpsideDown UIInterfaceOrientationLandscapeLeft UIInterfaceOrientationLandscapeRight";
				INFOPLIST_KEY_UISupportedInterfaceOrientations_iPhone = "UIInterfaceOrientationPortrait UIInterfaceOrientationLandscapeLeft UIInterfaceOrientationLandscapeRight";
				LD_RUNPATH_SEARCH_PATHS = (
					"$(inherited)",
					"@executable_path/Frameworks",
				);
				MARKETING_VERSION = 1.0;
				PRODUCT_BUNDLE_IDENTIFIER = pl.gov.cyfra.CloudTestApp;
				PRODUCT_NAME = "$(TARGET_NAME)";
				SWIFT_EMIT_LOC_STRINGS = YES;
				SWIFT_VERSION = 5.0;
				TARGETED_DEVICE_FAMILY = "1,2";
			};
			name = Release;
		};
		BF7F267D2B69214C00661980 /* Debug */ = {
			isa = XCBuildConfiguration;
			buildSettings = {
				ALWAYS_EMBED_SWIFT_STANDARD_LIBRARIES = YES;
				BUNDLE_LOADER = "$(TEST_HOST)";
				CODE_SIGN_STYLE = Automatic;
				CURRENT_PROJECT_VERSION = 1;
				DEVELOPMENT_TEAM = 85GAG994R5;
				GENERATE_INFOPLIST_FILE = YES;
				IPHONEOS_DEPLOYMENT_TARGET = 17.0;
				MARKETING_VERSION = 1.0;
				PRODUCT_BUNDLE_IDENTIFIER = pl.gov.cyfra.CloudTestAppTests;
				PRODUCT_NAME = "$(TARGET_NAME)";
				SWIFT_EMIT_LOC_STRINGS = NO;
				SWIFT_VERSION = 5.0;
				TARGETED_DEVICE_FAMILY = "1,2";
				TEST_HOST = "$(BUILT_PRODUCTS_DIR)/CloudTestApp.app/$(BUNDLE_EXECUTABLE_FOLDER_PATH)/CloudTestApp";
			};
			name = Debug;
		};
		BF7F267E2B69214C00661980 /* Release */ = {
			isa = XCBuildConfiguration;
			buildSettings = {
				ALWAYS_EMBED_SWIFT_STANDARD_LIBRARIES = YES;
				BUNDLE_LOADER = "$(TEST_HOST)";
				CODE_SIGN_STYLE = Automatic;
				CURRENT_PROJECT_VERSION = 1;
				DEVELOPMENT_TEAM = 85GAG994R5;
				GENERATE_INFOPLIST_FILE = YES;
				IPHONEOS_DEPLOYMENT_TARGET = 17.0;
				MARKETING_VERSION = 1.0;
				PRODUCT_BUNDLE_IDENTIFIER = pl.gov.cyfra.CloudTestAppTests;
				PRODUCT_NAME = "$(TARGET_NAME)";
				SWIFT_EMIT_LOC_STRINGS = NO;
				SWIFT_VERSION = 5.0;
				TARGETED_DEVICE_FAMILY = "1,2";
				TEST_HOST = "$(BUILT_PRODUCTS_DIR)/CloudTestApp.app/$(BUNDLE_EXECUTABLE_FOLDER_PATH)/CloudTestApp";
			};
			name = Release;
		};
		BF7F26802B69214C00661980 /* Debug */ = {
			isa = XCBuildConfiguration;
			buildSettings = {
				ALWAYS_EMBED_SWIFT_STANDARD_LIBRARIES = YES;
				CODE_SIGN_STYLE = Automatic;
				CURRENT_PROJECT_VERSION = 1;
				DEVELOPMENT_TEAM = 85GAG994R5;
				GENERATE_INFOPLIST_FILE = YES;
				MARKETING_VERSION = 1.0;
				PRODUCT_BUNDLE_IDENTIFIER = pl.gov.cyfra.CloudTestAppUITests;
				PRODUCT_NAME = "$(TARGET_NAME)";
				SWIFT_EMIT_LOC_STRINGS = NO;
				SWIFT_VERSION = 5.0;
				TARGETED_DEVICE_FAMILY = "1,2";
				TEST_TARGET_NAME = CloudTestApp;
			};
			name = Debug;
		};
		BF7F26812B69214C00661980 /* Release */ = {
			isa = XCBuildConfiguration;
			buildSettings = {
				ALWAYS_EMBED_SWIFT_STANDARD_LIBRARIES = YES;
				CODE_SIGN_STYLE = Automatic;
				CURRENT_PROJECT_VERSION = 1;
				DEVELOPMENT_TEAM = 85GAG994R5;
				GENERATE_INFOPLIST_FILE = YES;
				MARKETING_VERSION = 1.0;
				PRODUCT_BUNDLE_IDENTIFIER = pl.gov.cyfra.CloudTestAppUITests;
				PRODUCT_NAME = "$(TARGET_NAME)";
				SWIFT_EMIT_LOC_STRINGS = NO;
				SWIFT_VERSION = 5.0;
				TARGETED_DEVICE_FAMILY = "1,2";
				TEST_TARGET_NAME = CloudTestApp;
			};
			name = Release;
		};
/* End XCBuildConfiguration section */

/* Begin XCConfigurationList section */
		BF7F26502B69214B00661980 /* Build configuration list for PBXProject "CloudTestApp" */ = {
			isa = XCConfigurationList;
			buildConfigurations = (
				BF7F26772B69214C00661980 /* Debug */,
				BF7F26782B69214C00661980 /* Release */,
			);
			defaultConfigurationIsVisible = 0;
			defaultConfigurationName = Release;
		};
		BF7F26792B69214C00661980 /* Build configuration list for PBXNativeTarget "CloudTestApp" */ = {
			isa = XCConfigurationList;
			buildConfigurations = (
				BF7F267A2B69214C00661980 /* Debug */,
				BF7F267B2B69214C00661980 /* Release */,
			);
			defaultConfigurationIsVisible = 0;
			defaultConfigurationName = Release;
		};
		BF7F267C2B69214C00661980 /* Build configuration list for PBXNativeTarget "CloudTestAppTests" */ = {
			isa = XCConfigurationList;
			buildConfigurations = (
				BF7F267D2B69214C00661980 /* Debug */,
				BF7F267E2B69214C00661980 /* Release */,
			);
			defaultConfigurationIsVisible = 0;
			defaultConfigurationName = Release;
		};
		BF7F267F2B69214C00661980 /* Build configuration list for PBXNativeTarget "CloudTestAppUITests" */ = {
			isa = XCConfigurationList;
			buildConfigurations = (
				BF7F26802B69214C00661980 /* Debug */,
				BF7F26812B69214C00661980 /* Release */,
			);
			defaultConfigurationIsVisible = 0;
			defaultConfigurationName = Release;
		};
/* End XCConfigurationList section */
	};
	rootObject = BF7F264D2B69214B00661980 /* Project object */;
}
